
Microsoft Visual Studio Solution File, Format Version 12.00
# Visual Studio 15
Project("{FAE04EC0-301F-11D3-BF4B-00C04F79EFBC}") = "Assembly-CSharp", "Assembly-CSharp.csproj", "{F59CB7CC-FCC1-6CB4-B99C-CFA102219AA4}"
EndProject
Project("{FAE04EC0-301F-11D3-BF4B-00C04F79EFBC}") = "Boxophobic.Utils.Scripts", "Boxophobic.Utils.Scripts.csproj", "{564FBA0B-EE56-2212-95DF-5787F7CFE464}"
EndProject
Project("{FAE04EC0-301F-11D3-BF4B-00C04F79EFBC}") = "Boxophobic.Utils.Editor", "Boxophobic.Utils.Editor.csproj", "{C9725610-7BCC-AAFC-6391-30607C629149}"
EndProject
Project("{FAE04EC0-301F-11D3-BF4B-00C04F79EFBC}") = "Assembly-CSharp-Editor", "Assembly-CSharp-Editor.csproj", "{6D195D47-1014-E984-3F47-B9B513C9623E}"
EndProject
Project("{FAE04EC0-301F-11D3-BF4B-00C04F79EFBC}") = "Boxophobic.SkyboxCubemapExtended.Editor", "Boxophobic.SkyboxCubemapExtended.Editor.csproj", "{2DDA068E-CD03-B8F1-EB8D-4FBB97974FBB}"
EndProject
Global
	GlobalSection(SolutionConfigurationPlatforms) = preSolution
		Debug|Any CPU = Debug|Any CPU
		Release|Any CPU = Release|Any CPU
	EndGlobalSection
	GlobalSection(ProjectConfigurationPlatforms) = postSolution
		{F59CB7CC-FCC1-6CB4-B99C-CFA102219AA4}.Debug|Any CPU.ActiveCfg = Debug|Any CPU
		{F59CB7CC-FCC1-6CB4-B99C-CFA102219AA4}.Debug|Any CPU.Build.0 = Debug|Any CPU
		{F59CB7CC-FCC1-6CB4-B99C-CFA102219AA4}.Release|Any CPU.ActiveCfg = Release|Any CPU
		{F59CB7CC-FCC1-6CB4-B99C-CFA102219AA4}.Release|Any CPU.Build.0 = Release|Any CPU
		{564FBA0B-EE56-2212-95DF-5787F7CFE464}.Debug|Any CPU.ActiveCfg = Debug|Any CPU
		{564FBA0B-EE56-2212-95DF-5787F7CFE464}.Debug|Any CPU.Build.0 = Debug|Any CPU
		{564FBA0B-EE56-2212-95DF-5787F7CFE464}.Release|Any CPU.ActiveCfg = Release|Any CPU
		{564FBA0B-EE56-2212-95DF-5787F7CFE464}.Release|Any CPU.Build.0 = Release|Any CPU
		{C9725610-7BCC-AAFC-6391-30607C629149}.Debug|Any CPU.ActiveCfg = Debug|Any CPU
		{C9725610-7BCC-AAFC-6391-30607C629149}.Debug|Any CPU.Build.0 = Debug|Any CPU
		{C9725610-7BCC-AAFC-6391-30607C629149}.Release|Any CPU.ActiveCfg = Release|Any CPU
		{C9725610-7BCC-AAFC-6391-30607C629149}.Release|Any CPU.Build.0 = Release|Any CPU
		{6D195D47-1014-E984-3F47-B9B513C9623E}.Debug|Any CPU.ActiveCfg = Debug|Any CPU
		{6D195D47-1014-E984-3F47-B9B513C9623E}.Debug|Any CPU.Build.0 = Debug|Any CPU
		{6D195D47-1014-E984-3F47-B9B513C9623E}.Release|Any CPU.ActiveCfg = Release|Any CPU
		{6D195D47-1014-E984-3F47-B9B513C9623E}.Release|Any CPU.Build.0 = Release|Any CPU
		{2DDA068E-CD03-B8F1-EB8D-4FBB97974FBB}.Debug|Any CPU.ActiveCfg = Debug|Any CPU
		{2DDA068E-CD03-B8F1-EB8D-4FBB97974FBB}.Debug|Any CPU.Build.0 = Debug|Any CPU
		{2DDA068E-CD03-B8F1-EB8D-4FBB97974FBB}.Release|Any CPU.ActiveCfg = Release|Any CPU
		{2DDA068E-CD03-B8F1-EB8D-4FBB97974FBB}.Release|Any CPU.Build.0 = Release|Any CPU
	EndGlobalSection
	GlobalSection(SolutionProperties) = preSolution
		HideSolutionNode = FALSE
	EndGlobalSection
EndGlobal
